
Microsoft Visual Studio Solution File, Format Version 12.00
# Visual Studio 14
VisualStudioVersion = 14.0.25420.1
MinimumVisualStudioVersion = 10.0.40219.1
Project("{8BC9CEB8-8B4A-11D0-8D11-00A0C91BC942}") = "ntmdrv", "MyDriver2\MyDriver2.vcxproj", "{8F668AF0-643E-4BD9-9F31-2476EE56B7BD}"
EndProject
Project("{8BC9CEB8-8B4A-11D0-8D11-00A0C91BC942}") = "ntmdrv Package", "MyDriver2 Package\MyDriver2 Package.vcxproj", "{726FE42D-D4D3-4EBF-9E25-897CB3E7C5A8}"
	ProjectSection(ProjectDependencies) = postProject
		{8F668AF0-643E-4BD9-9F31-2476EE56B7BD} = {8F668AF0-643E-4BD9-9F31-2476EE56B7BD}
	EndProjectSection
EndProject
Project("{8BC9CEB8-8B4A-11D0-8D11-00A0C91BC942}") = "QueryEC", "QueryEC\QueryEC.vcxproj", "{CAC65547-F5FD-4BF8-A171-52DBACA40DB7}"
EndProject
Global
	GlobalSection(SolutionConfigurationPlatforms) = preSolution
		Debug|ARM = Debug|ARM
		Debug|Win32 = Debug|Win32
		Debug|x64 = Debug|x64
		Release|ARM = Release|ARM
		Release|Win32 = Release|Win32
		Release|x64 = Release|x64
		Vista Debug|ARM = Vista Debug|ARM
		Vista Debug|Win32 = Vista Debug|Win32
		Vista Debug|x64 = Vista Debug|x64
		Vista Release|ARM = Vista Release|ARM
		Vista Release|Win32 = Vista Release|Win32
		Vista Release|x64 = Vista Release|x64
		Win10 Debug|ARM = Win10 Debug|ARM
		Win10 Debug|Win32 = Win10 Debug|Win32
		Win10 Debug|x64 = Win10 Debug|x64
		Win10 Release|ARM = Win10 Release|ARM
		Win10 Release|Win32 = Win10 Release|Win32
		Win10 Release|x64 = Win10 Release|x64
		Win7 Debug|ARM = Win7 Debug|ARM
		Win7 Debug|Win32 = Win7 Debug|Win32
		Win7 Debug|x64 = Win7 Debug|x64
		Win7 Release|ARM = Win7 Release|ARM
		Win7 Release|Win32 = Win7 Release|Win32
		Win7 Release|x64 = Win7 Release|x64
		Win8 Debug|ARM = Win8 Debug|ARM
		Win8 Debug|Win32 = Win8 Debug|Win32
		Win8 Debug|x64 = Win8 Debug|x64
		Win8 Release|ARM = Win8 Release|ARM
		Win8 Release|Win32 = Win8 Release|Win32
		Win8 Release|x64 = Win8 Release|x64
	EndGlobalSection
	GlobalSection(ProjectConfigurationPlatforms) = postSolution
		{8F668AF0-643E-4BD9-9F31-2476EE56B7BD}.Debug|ARM.ActiveCfg = Win7 Debug|ARM
		{8F668AF0-643E-4BD9-9F31-2476EE56B7BD}.Debug|ARM.Build.0 = Win7 Debug|ARM
		{8F668AF0-643E-4BD9-9F31-2476EE56B7BD}.Debug|Win32.ActiveCfg = Win7 Debug|Win32
		{8F668AF0-643E-4BD9-9F31-2476EE56B7BD}.Debug|Win32.Build.0 = Win7 Debug|Win32
		{8F668AF0-643E-4BD9-9F31-2476EE56B7BD}.Debug|Win32.Deploy.0 = Win7 Debug|Win32
		{8F668AF0-643E-4BD9-9F31-2476EE56B7BD}.Debug|x64.ActiveCfg = Win8 Debug|x64
		{8F668AF0-643E-4BD9-9F31-2476EE56B7BD}.Debug|x64.Build.0 = Win8 Debug|x64
		{8F668AF0-643E-4BD9-9F31-2476EE56B7BD}.Debug|x64.Deploy.0 = Win8 Debug|x64
		{8F668AF0-643E-4BD9-9F31-2476EE56B7BD}.Release|ARM.ActiveCfg = Win8 Release|ARM
		{8F668AF0-643E-4BD9-9F31-2476EE56B7BD}.Release|ARM.Build.0 = Win8 Release|ARM
		{8F668AF0-643E-4BD9-9F31-2476EE56B7BD}.Release|Win32.ActiveCfg = Win8 Release|Win32
		{8F668AF0-643E-4BD9-9F31-2476EE56B7BD}.Release|Win32.Build.0 = Win8 Release|Win32
		{8F668AF0-643E-4BD9-9F31-2476EE56B7BD}.Release|Win32.Deploy.0 = Win8 Release|Win32
		{8F668AF0-643E-4BD9-9F31-2476EE56B7BD}.Release|x64.ActiveCfg = Win8 Release|x64
		{8F668AF0-643E-4BD9-9F31-2476EE56B7BD}.Release|x64.Build.0 = Win8 Release|x64
		{8F668AF0-643E-4BD9-9F31-2476EE56B7BD}.Release|x64.Deploy.0 = Win8 Release|x64
		{8F668AF0-643E-4BD9-9F31-2476EE56B7BD}.Vista Debug|ARM.ActiveCfg = Vista Debug|ARM
		{8F668AF0-643E-4BD9-9F31-2476EE56B7BD}.Vista Debug|ARM.Build.0 = Vista Debug|ARM
		{8F668AF0-643E-4BD9-9F31-2476EE56B7BD}.Vista Debug|Win32.ActiveCfg = Vista Debug|Win32
		{8F668AF0-643E-4BD9-9F31-2476EE56B7BD}.Vista Debug|Win32.Build.0 = Vista Debug|Win32
		{8F668AF0-643E-4BD9-9F31-2476EE56B7BD}.Vista Debug|Win32.Deploy.0 = Vista Debug|Win32
		{8F668AF0-643E-4BD9-9F31-2476EE56B7BD}.Vista Debug|x64.ActiveCfg = Vista Debug|x64
		{8F668AF0-643E-4BD9-9F31-2476EE56B7BD}.Vista Debug|x64.Build.0 = Vista Debug|x64
		{8F668AF0-643E-4BD9-9F31-2476EE56B7BD}.Vista Debug|x64.Deploy.0 = Vista Debug|x64
		{8F668AF0-643E-4BD9-9F31-2476EE56B7BD}.Vista Release|ARM.ActiveCfg = Vista Release|ARM
		{8F668AF0-643E-4BD9-9F31-2476EE56B7BD}.Vista Release|ARM.Build.0 = Vista Release|ARM
		{8F668AF0-643E-4BD9-9F31-2476EE56B7BD}.Vista Release|Win32.ActiveCfg = Vista Release|Win32
		{8F668AF0-643E-4BD9-9F31-2476EE56B7BD}.Vista Release|Win32.Build.0 = Vista Release|Win32
		{8F668AF0-643E-4BD9-9F31-2476EE56B7BD}.Vista Release|Win32.Deploy.0 = Vista Release|Win32
		{8F668AF0-643E-4BD9-9F31-2476EE56B7BD}.Vista Release|x64.ActiveCfg = Vista Release|x64
		{8F668AF0-643E-4BD9-9F31-2476EE56B7BD}.Vista Release|x64.Build.0 = Vista Release|x64
		{8F668AF0-643E-4BD9-9F31-2476EE56B7BD}.Vista Release|x64.Deploy.0 = Vista Release|x64
		{8F668AF0-643E-4BD9-9F31-2476EE56B7BD}.Win10 Debug|ARM.ActiveCfg = Win10 Debug|ARM
		{8F668AF0-643E-4BD9-9F31-2476EE56B7BD}.Win10 Debug|ARM.Build.0 = Win10 Debug|ARM
		{8F668AF0-643E-4BD9-9F31-2476EE56B7BD}.Win10 Debug|Win32.ActiveCfg = Win10 Debug|Win32
		{8F668AF0-643E-4BD9-9F31-2476EE56B7BD}.Win10 Debug|Win32.Build.0 = Win10 Debug|Win32
		{8F668AF0-643E-4BD9-9F31-2476EE56B7BD}.Win10 Debug|x64.ActiveCfg = Win10 Debug|x64
		{8F668AF0-643E-4BD9-9F31-2476EE56B7BD}.Win10 Debug|x64.Build.0 = Win10 Debug|x64
		{8F668AF0-643E-4BD9-9F31-2476EE56B7BD}.Win10 Release|ARM.ActiveCfg = Win10 Release|ARM
		{8F668AF0-643E-4BD9-9F31-2476EE56B7BD}.Win10 Release|ARM.Build.0 = Win10 Release|ARM
		{8F668AF0-643E-4BD9-9F31-2476EE56B7BD}.Win10 Release|Win32.ActiveCfg = Win10 Release|Win32
		{8F668AF0-643E-4BD9-9F31-2476EE56B7BD}.Win10 Release|Win32.Build.0 = Win10 Release|Win32
		{8F668AF0-643E-4BD9-9F31-2476EE56B7BD}.Win10 Release|x64.ActiveCfg = Win10 Release|x64
		{8F668AF0-643E-4BD9-9F31-2476EE56B7BD}.Win10 Release|x64.Build.0 = Win10 Release|x64
		{8F668AF0-643E-4BD9-9F31-2476EE56B7BD}.Win7 Debug|ARM.ActiveCfg = Win7 Debug|ARM
		{8F668AF0-643E-4BD9-9F31-2476EE56B7BD}.Win7 Debug|ARM.Build.0 = Win7 Debug|ARM
		{8F668AF0-643E-4BD9-9F31-2476EE56B7BD}.Win7 Debug|Win32.ActiveCfg = Win7 Debug|Win32
		{8F668AF0-643E-4BD9-9F31-2476EE56B7BD}.Win7 Debug|Win32.Build.0 = Win7 Debug|Win32
		{8F668AF0-643E-4BD9-9F31-2476EE56B7BD}.Win7 Debug|Win32.Deploy.0 = Win7 Debug|Win32
		{8F668AF0-643E-4BD9-9F31-2476EE56B7BD}.Win7 Debug|x64.ActiveCfg = Win8 Debug|x64
		{8F668AF0-643E-4BD9-9F31-2476EE56B7BD}.Win7 Debug|x64.Build.0 = Win8 Debug|x64
		{8F668AF0-643E-4BD9-9F31-2476EE56B7BD}.Win7 Debug|x64.Deploy.0 = Win8 Debug|x64
		{8F668AF0-643E-4BD9-9F31-2476EE56B7BD}.Win7 Release|ARM.ActiveCfg = Win7 Release|ARM
		{8F668AF0-643E-4BD9-9F31-2476EE56B7BD}.Win7 Release|ARM.Build.0 = Win7 Release|ARM
		{8F668AF0-643E-4BD9-9F31-2476EE56B7BD}.Win7 Release|Win32.ActiveCfg = Win7 Release|Win32
		{8F668AF0-643E-4BD9-9F31-2476EE56B7BD}.Win7 Release|Win32.Build.0 = Win7 Release|Win32
		{8F668AF0-643E-4BD9-9F31-2476EE56B7BD}.Win7 Release|Win32.Deploy.0 = Win7 Release|Win32
		{8F668AF0-643E-4BD9-9F31-2476EE56B7BD}.Win7 Release|x64.ActiveCfg = Win7 Release|x64
		{8F668AF0-643E-4BD9-9F31-2476EE56B7BD}.Win7 Release|x64.Build.0 = Win7 Release|x64
		{8F668AF0-643E-4BD9-9F31-2476EE56B7BD}.Win7 Release|x64.Deploy.0 = Win7 Release|x64
		{8F668AF0-643E-4BD9-9F31-2476EE56B7BD}.Win8 Debug|ARM.ActiveCfg = Win8 Debug|ARM
		{8F668AF0-643E-4BD9-9F31-2476EE56B7BD}.Win8 Debug|ARM.Build.0 = Win8 Debug|ARM
		{8F668AF0-643E-4BD9-9F31-2476EE56B7BD}.Win8 Debug|Win32.ActiveCfg = Win8 Debug|Win32
		{8F668AF0-643E-4BD9-9F31-2476EE56B7BD}.Win8 Debug|Win32.Build.0 = Win8 Debug|Win32
		{8F668AF0-643E-4BD9-9F31-2476EE56B7BD}.Win8 Debug|Win32.Deploy.0 = Win8 Debug|Win32
		{8F668AF0-643E-4BD9-9F31-2476EE56B7BD}.Win8 Debug|x64.ActiveCfg = Win8 Debug|x64
		{8F668AF0-643E-4BD9-9F31-2476EE56B7BD}.Win8 Debug|x64.Build.0 = Win8 Debug|x64
		{8F668AF0-643E-4BD9-9F31-2476EE56B7BD}.Win8 Debug|x64.Deploy.0 = Win8 Debug|x64
		{8F668AF0-643E-4BD9-9F31-2476EE56B7BD}.Win8 Release|ARM.ActiveCfg = Win8 Release|ARM
		{8F668AF0-643E-4BD9-9F31-2476EE56B7BD}.Win8 Release|ARM.Build.0 = Win8 Release|ARM
		{8F668AF0-643E-4BD9-9F31-2476EE56B7BD}.Win8 Release|Win32.ActiveCfg = Win8 Release|Win32
		{8F668AF0-643E-4BD9-9F31-2476EE56B7BD}.Win8 Release|Win32.Build.0 = Win8 Release|Win32
		{8F668AF0-643E-4BD9-9F31-2476EE56B7BD}.Win8 Release|Win32.Deploy.0 = Win8 Release|Win32
		{8F668AF0-643E-4BD9-9F31-2476EE56B7BD}.Win8 Release|x64.ActiveCfg = Win8 Release|x64
		{8F668AF0-643E-4BD9-9F31-2476EE56B7BD}.Win8 Release|x64.Build.0 = Win8 Release|x64
		{8F668AF0-643E-4BD9-9F31-2476EE56B7BD}.Win8 Release|x64.Deploy.0 = Win8 Release|x64
		{726FE42D-D4D3-4EBF-9E25-897CB3E7C5A8}.Debug|ARM.ActiveCfg = Win7 Debug|ARM
		{726FE42D-D4D3-4EBF-9E25-897CB3E7C5A8}.Debug|ARM.Build.0 = Win7 Debug|ARM
		{726FE42D-D4D3-4EBF-9E25-897CB3E7C5A8}.Debug|Win32.ActiveCfg = Win7 Debug|Win32
		{726FE42D-D4D3-4EBF-9E25-897CB3E7C5A8}.Debug|Win32.Build.0 = Win7 Debug|Win32
		{726FE42D-D4D3-4EBF-9E25-897CB3E7C5A8}.Debug|Win32.Deploy.0 = Win7 Debug|Win32
		{726FE42D-D4D3-4EBF-9E25-897CB3E7C5A8}.Debug|x64.ActiveCfg = Win8 Debug|x64
		{726FE42D-D4D3-4EBF-9E25-897CB3E7C5A8}.Debug|x64.Build.0 = Win8 Debug|x64
		{726FE42D-D4D3-4EBF-9E25-897CB3E7C5A8}.Debug|x64.Deploy.0 = Win8 Debug|x64
		{726FE42D-D4D3-4EBF-9E25-897CB3E7C5A8}.Release|ARM.ActiveCfg = Win8 Release|ARM
		{726FE42D-D4D3-4EBF-9E25-897CB3E7C5A8}.Release|ARM.Build.0 = Win8 Release|ARM
		{726FE42D-D4D3-4EBF-9E25-897CB3E7C5A8}.Release|Win32.ActiveCfg = Win8 Release|Win32
		{726FE42D-D4D3-4EBF-9E25-897CB3E7C5A8}.Release|Win32.Build.0 = Win8 Release|Win32
		{726FE42D-D4D3-4EBF-9E25-897CB3E7C5A8}.Release|Win32.Deploy.0 = Win8 Release|Win32
		{726FE42D-D4D3-4EBF-9E25-897CB3E7C5A8}.Release|x64.ActiveCfg = Win8 Release|x64
		{726FE42D-D4D3-4EBF-9E25-897CB3E7C5A8}.Release|x64.Build.0 = Win8 Release|x64
		{726FE42D-D4D3-4EBF-9E25-897CB3E7C5A8}.Release|x64.Deploy.0 = Win8 Release|x64
		{726FE42D-D4D3-4EBF-9E25-897CB3E7C5A8}.Vista Debug|ARM.ActiveCfg = Vista Debug|ARM
		{726FE42D-D4D3-4EBF-9E25-897CB3E7C5A8}.Vista Debug|ARM.Build.0 = Vista Debug|ARM
		{726FE42D-D4D3-4EBF-9E25-897CB3E7C5A8}.Vista Debug|Win32.ActiveCfg = Vista Debug|Win32
		{726FE42D-D4D3-4EBF-9E25-897CB3E7C5A8}.Vista Debug|Win32.Build.0 = Vista Debug|Win32
		{726FE42D-D4D3-4EBF-9E25-897CB3E7C5A8}.Vista Debug|Win32.Deploy.0 = Vista Debug|Win32
		{726FE42D-D4D3-4EBF-9E25-897CB3E7C5A8}.Vista Debug|x64.ActiveCfg = Vista Debug|x64
		{726FE42D-D4D3-4EBF-9E25-897CB3E7C5A8}.Vista Debug|x64.Build.0 = Vista Debug|x64
		{726FE42D-D4D3-4EBF-9E25-897CB3E7C5A8}.Vista Debug|x64.Deploy.0 = Vista Debug|x64
		{726FE42D-D4D3-4EBF-9E25-897CB3E7C5A8}.Vista Release|ARM.ActiveCfg = Vista Release|ARM
		{726FE42D-D4D3-4EBF-9E25-897CB3E7C5A8}.Vista Release|ARM.Build.0 = Vista Release|ARM
		{726FE42D-D4D3-4EBF-9E25-897CB3E7C5A8}.Vista Release|Win32.ActiveCfg = Vista Release|Win32
		{726FE42D-D4D3-4EBF-9E25-897CB3E7C5A8}.Vista Release|Win32.Build.0 = Vista Release|Win32
		{726FE42D-D4D3-4EBF-9E25-897CB3E7C5A8}.Vista Release|Win32.Deploy.0 = Vista Release|Win32
		{726FE42D-D4D3-4EBF-9E25-897CB3E7C5A8}.Vista Release|x64.ActiveCfg = Vista Release|x64
		{726FE42D-D4D3-4EBF-9E25-897CB3E7C5A8}.Vista Release|x64.Build.0 = Vista Release|x64
		{726FE42D-D4D3-4EBF-9E25-897CB3E7C5A8}.Vista Release|x64.Deploy.0 = Vista Release|x64
		{726FE42D-D4D3-4EBF-9E25-897CB3E7C5A8}.Win10 Debug|ARM.ActiveCfg = Win10 Debug|ARM
		{726FE42D-D4D3-4EBF-9E25-897CB3E7C5A8}.Win10 Debug|ARM.Build.0 = Win10 Debug|ARM
		{726FE42D-D4D3-4EBF-9E25-897CB3E7C5A8}.Win10 Debug|Win32.ActiveCfg = Win10 Debug|Win32
		{726FE42D-D4D3-4EBF-9E25-897CB3E7C5A8}.Win10 Debug|Win32.Build.0 = Win10 Debug|Win32
		{726FE42D-D4D3-4EBF-9E25-897CB3E7C5A8}.Win10 Debug|x64.ActiveCfg = Win10 Debug|x64
		{726FE42D-D4D3-4EBF-9E25-897CB3E7C5A8}.Win10 Debug|x64.Build.0 = Win10 Debug|x64
		{726FE42D-D4D3-4EBF-9E25-897CB3E7C5A8}.Win10 Release|ARM.ActiveCfg = Win10 Release|ARM
		{726FE42D-D4D3-4EBF-9E25-897CB3E7C5A8}.Win10 Release|ARM.Build.0 = Win10 Release|ARM
		{726FE42D-D4D3-4EBF-9E25-897CB3E7C5A8}.Win10 Release|Win32.ActiveCfg = Win10 Release|Win32
		{726FE42D-D4D3-4EBF-9E25-897CB3E7C5A8}.Win10 Release|Win32.Build.0 = Win10 Release|Win32
		{726FE42D-D4D3-4EBF-9E25-897CB3E7C5A8}.Win10 Release|x64.ActiveCfg = Win10 Release|x64
		{726FE42D-D4D3-4EBF-9E25-897CB3E7C5A8}.Win10 Release|x64.Build.0 = Win10 Release|x64
		{726FE42D-D4D3-4EBF-9E25-897CB3E7C5A8}.Win7 Debug|ARM.ActiveCfg = Win7 Debug|ARM
		{726FE42D-D4D3-4EBF-9E25-897CB3E7C5A8}.Win7 Debug|ARM.Build.0 = Win7 Debug|ARM
		{726FE42D-D4D3-4EBF-9E25-897CB3E7C5A8}.Win7 Debug|Win32.ActiveCfg = Win7 Debug|Win32
		{726FE42D-D4D3-4EBF-9E25-897CB3E7C5A8}.Win7 Debug|Win32.Build.0 = Win7 Debug|Win32
		{726FE42D-D4D3-4EBF-9E25-897CB3E7C5A8}.Win7 Debug|Win32.Deploy.0 = Win7 Debug|Win32
		{726FE42D-D4D3-4EBF-9E25-897CB3E7C5A8}.Win7 Debug|x64.ActiveCfg = Win8 Debug|x64
		{726FE42D-D4D3-4EBF-9E25-897CB3E7C5A8}.Win7 Debug|x64.Build.0 = Win8 Debug|x64
		{726FE42D-D4D3-4EBF-9E25-897CB3E7C5A8}.Win7 Debug|x64.Deploy.0 = Win8 Debug|x64
		{726FE42D-D4D3-4EBF-9E25-897CB3E7C5A8}.Win7 Release|ARM.ActiveCfg = Win7 Release|ARM
		{726FE42D-D4D3-4EBF-9E25-897CB3E7C5A8}.Win7 Release|ARM.Build.0 = Win7 Release|ARM
		{726FE42D-D4D3-4EBF-9E25-897CB3E7C5A8}.Win7 Release|Win32.ActiveCfg = Win7 Release|Win32
		{726FE42D-D4D3-4EBF-9E25-897CB3E7C5A8}.Win7 Release|Win32.Build.0 = Win7 Release|Win32
		{726FE42D-D4D3-4EBF-9E25-897CB3E7C5A8}.Win7 Release|Win32.Deploy.0 = Win7 Release|Win32
		{726FE42D-D4D3-4EBF-9E25-897CB3E7C5A8}.Win7 Release|x64.ActiveCfg = Win7 Release|x64
		{726FE42D-D4D3-4EBF-9E25-897CB3E7C5A8}.Win7 Release|x64.Build.0 = Win7 Release|x64
		{726FE42D-D4D3-4EBF-9E25-897CB3E7C5A8}.Win7 Release|x64.Deploy.0 = Win7 Release|x64
		{726FE42D-D4D3-4EBF-9E25-897CB3E7C5A8}.Win8 Debug|ARM.ActiveCfg = Win8 Debug|ARM
		{726FE42D-D4D3-4EBF-9E25-897CB3E7C5A8}.Win8 Debug|ARM.Build.0 = Win8 Debug|ARM
		{726FE42D-D4D3-4EBF-9E25-897CB3E7C5A8}.Win8 Debug|Win32.ActiveCfg = Win8 Debug|Win32
		{726FE42D-D4D3-4EBF-9E25-897CB3E7C5A8}.Win8 Debug|Win32.Build.0 = Win8 Debug|Win32
		{726FE42D-D4D3-4EBF-9E25-897CB3E7C5A8}.Win8 Debug|Win32.Deploy.0 = Win8 Debug|Win32
		{726FE42D-D4D3-4EBF-9E25-897CB3E7C5A8}.Win8 Debug|x64.ActiveCfg = Win8 Debug|x64
		{726FE42D-D4D3-4EBF-9E25-897CB3E7C5A8}.Win8 Debug|x64.Build.0 = Win8 Debug|x64
		{726FE42D-D4D3-4EBF-9E25-897CB3E7C5A8}.Win8 Debug|x64.Deploy.0 = Win8 Debug|x64
		{726FE42D-D4D3-4EBF-9E25-897CB3E7C5A8}.Win8 Release|ARM.ActiveCfg = Win8 Release|ARM
		{726FE42D-D4D3-4EBF-9E25-897CB3E7C5A8}.Win8 Release|ARM.Build.0 = Win8 Release|ARM
		{726FE42D-D4D3-4EBF-9E25-897CB3E7C5A8}.Win8 Release|Win32.ActiveCfg = Win8 Release|Win32
		{726FE42D-D4D3-4EBF-9E25-897CB3E7C5A8}.Win8 Release|Win32.Build.0 = Win8 Release|Win32
		{726FE42D-D4D3-4EBF-9E25-897CB3E7C5A8}.Win8 Release|Win32.Deploy.0 = Win8 Release|Win32
		{726FE42D-D4D3-4EBF-9E25-897CB3E7C5A8}.Win8 Release|x64.ActiveCfg = Win8 Release|x64
		{726FE42D-D4D3-4EBF-9E25-897CB3E7C5A8}.Win8 Release|x64.Build.0 = Win8 Release|x64
		{726FE42D-D4D3-4EBF-9E25-897CB3E7C5A8}.Win8 Release|x64.Deploy.0 = Win8 Release|x64
		{CAC65547-F5FD-4BF8-A171-52DBACA40DB7}.Debug|ARM.ActiveCfg = Debug|Win32
		{CAC65547-F5FD-4BF8-A171-52DBACA40DB7}.Debug|Win32.ActiveCfg = Debug|Win32
		{CAC65547-F5FD-4BF8-A171-52DBACA40DB7}.Debug|Win32.Build.0 = Debug|Win32
		{CAC65547-F5FD-4BF8-A171-52DBACA40DB7}.Debug|x64.ActiveCfg = Debug|x64
		{CAC65547-F5FD-4BF8-A171-52DBACA40DB7}.Debug|x64.Build.0 = Debug|x64
		{CAC65547-F5FD-4BF8-A171-52DBACA40DB7}.Release|ARM.ActiveCfg = Release|Win32
		{CAC65547-F5FD-4BF8-A171-52DBACA40DB7}.Release|Win32.ActiveCfg = Release|Win32
		{CAC65547-F5FD-4BF8-A171-52DBACA40DB7}.Release|Win32.Build.0 = Release|Win32
		{CAC65547-F5FD-4BF8-A171-52DBACA40DB7}.Release|x64.ActiveCfg = Release|x64
		{CAC65547-F5FD-4BF8-A171-52DBACA40DB7}.Release|x64.Build.0 = Release|x64
		{CAC65547-F5FD-4BF8-A171-52DBACA40DB7}.Vista Debug|ARM.ActiveCfg = Release|x64
		{CAC65547-F5FD-4BF8-A171-52DBACA40DB7}.Vista Debug|ARM.Build.0 = Release|x64
		{CAC65547-F5FD-4BF8-A171-52DBACA40DB7}.Vista Debug|Win32.ActiveCfg = Debug|Win32
		{CAC65547-F5FD-4BF8-A171-52DBACA40DB7}.Vista Debug|Win32.Build.0 = Debug|Win32
		{CAC65547-F5FD-4BF8-A171-52DBACA40DB7}.Vista Debug|x64.ActiveCfg = Debug|x64
		{CAC65547-F5FD-4BF8-A171-52DBACA40DB7}.Vista Debug|x64.Build.0 = Debug|x64
		{CAC65547-F5FD-4BF8-A171-52DBACA40DB7}.Vista Release|ARM.ActiveCfg = Release|x64
		{CAC65547-F5FD-4BF8-A171-52DBACA40DB7}.Vista Release|ARM.Build.0 = Release|x64
		{CAC65547-F5FD-4BF8-A171-52DBACA40DB7}.Vista Release|Win32.ActiveCfg = Release|Win32
		{CAC65547-F5FD-4BF8-A171-52DBACA40DB7}.Vista Release|Win32.Build.0 = Release|Win32
		{CAC65547-F5FD-4BF8-A171-52DBACA40DB7}.Vista Release|x64.ActiveCfg = Release|x64
		{CAC65547-F5FD-4BF8-A171-52DBACA40DB7}.Vista Release|x64.Build.0 = Release|x64
		{CAC65547-F5FD-4BF8-A171-52DBACA40DB7}.Win10 Debug|ARM.ActiveCfg = Release|x64
		{CAC65547-F5FD-4BF8-A171-52DBACA40DB7}.Win10 Debug|ARM.Build.0 = Release|x64
		{CAC65547-F5FD-4BF8-A171-52DBACA40DB7}.Win10 Debug|Win32.ActiveCfg = Debug|Win32
		{CAC65547-F5FD-4BF8-A171-52DBACA40DB7}.Win10 Debug|Win32.Build.0 = Debug|Win32
		{CAC65547-F5FD-4BF8-A171-52DBACA40DB7}.Win10 Debug|x64.ActiveCfg = Debug|x64
		{CAC65547-F5FD-4BF8-A171-52DBACA40DB7}.Win10 Debug|x64.Build.0 = Debug|x64
		{CAC65547-F5FD-4BF8-A171-52DBACA40DB7}.Win10 Release|ARM.ActiveCfg = Release|x64
		{CAC65547-F5FD-4BF8-A171-52DBACA40DB7}.Win10 Release|ARM.Build.0 = Release|x64
		{CAC65547-F5FD-4BF8-A171-52DBACA40DB7}.Win10 Release|Win32.ActiveCfg = Release|Win32
		{CAC65547-F5FD-4BF8-A171-52DBACA40DB7}.Win10 Release|Win32.Build.0 = Release|Win32
		{CAC65547-F5FD-4BF8-A171-52DBACA40DB7}.Win10 Release|x64.ActiveCfg = Release|x64
		{CAC65547-F5FD-4BF8-A171-52DBACA40DB7}.Win10 Release|x64.Build.0 = Release|x64
		{CAC65547-F5FD-4BF8-A171-52DBACA40DB7}.Win7 Debug|ARM.ActiveCfg = Release|x64
		{CAC65547-F5FD-4BF8-A171-52DBACA40DB7}.Win7 Debug|ARM.Build.0 = Release|x64
		{CAC65547-F5FD-4BF8-A171-52DBACA40DB7}.Win7 Debug|Win32.ActiveCfg = Debug|Win32
		{CAC65547-F5FD-4BF8-A171-52DBACA40DB7}.Win7 Debug|Win32.Build.0 = Debug|Win32
		{CAC65547-F5FD-4BF8-A171-52DBACA40DB7}.Win7 Debug|x64.ActiveCfg = Debug|x64
		{CAC65547-F5FD-4BF8-A171-52DBACA40DB7}.Win7 Debug|x64.Build.0 = Debug|x64
		{CAC65547-F5FD-4BF8-A171-52DBACA40DB7}.Win7 Release|ARM.ActiveCfg = Release|x64
		{CAC65547-F5FD-4BF8-A171-52DBACA40DB7}.Win7 Release|ARM.Build.0 = Release|x64
		{CAC65547-F5FD-4BF8-A171-52DBACA40DB7}.Win7 Release|Win32.ActiveCfg = Release|Win32
		{CAC65547-F5FD-4BF8-A171-52DBACA40DB7}.Win7 Release|Win32.Build.0 = Release|Win32
		{CAC65547-F5FD-4BF8-A171-52DBACA40DB7}.Win7 Release|x64.ActiveCfg = Release|x64
		{CAC65547-F5FD-4BF8-A171-52DBACA40DB7}.Win7 Release|x64.Build.0 = Release|x64
		{CAC65547-F5FD-4BF8-A171-52DBACA40DB7}.Win8 Debug|ARM.ActiveCfg = Release|x64
		{CAC65547-F5FD-4BF8-A171-52DBACA40DB7}.Win8 Debug|ARM.Build.0 = Release|x64
		{CAC65547-F5FD-4BF8-A171-52DBACA40DB7}.Win8 Debug|Win32.ActiveCfg = Debug|Win32
		{CAC65547-F5FD-4BF8-A171-52DBACA40DB7}.Win8 Debug|Win32.Build.0 = Debug|Win32
		{CAC65547-F5FD-4BF8-A171-52DBACA40DB7}.Win8 Debug|x64.ActiveCfg = Debug|x64
		{CAC65547-F5FD-4BF8-A171-52DBACA40DB7}.Win8 Debug|x64.Build.0 = Debug|x64
		{CAC65547-F5FD-4BF8-A171-52DBACA40DB7}.Win8 Release|ARM.ActiveCfg = Release|x64
		{CAC65547-F5FD-4BF8-A171-52DBACA40DB7}.Win8 Release|ARM.Build.0 = Release|x64
		{CAC65547-F5FD-4BF8-A171-52DBACA40DB7}.Win8 Release|Win32.ActiveCfg = Release|Win32
		{CAC65547-F5FD-4BF8-A171-52DBACA40DB7}.Win8 Release|Win32.Build.0 = Release|Win32
		{CAC65547-F5FD-4BF8-A171-52DBACA40DB7}.Win8 Release|x64.ActiveCfg = Release|x64
		{CAC65547-F5FD-4BF8-A171-52DBACA40DB7}.Win8 Release|x64.Build.0 = Release|x64
	EndGlobalSection
	GlobalSection(SolutionProperties) = preSolution
		HideSolutionNode = FALSE
	EndGlobalSection
EndGlobal
